
Microsoft Visual Studio Solution File, Format Version 12.00
# Visual Studio Version 17
VisualStudioVersion = 17.12.35506.116 d17.12
MinimumVisualStudioVersion = 10.0.40219.1
Project("{FAE04EC0-301F-11D3-BF4B-00C04F79EFBC}") = "IKEA.PL", "IKEA.PL\IKEA.PL.csproj", "{7F6608DE-E6AA-4FCC-8F70-B9AC801DF322}"
EndProject
Project("{FAE04EC0-301F-11D3-BF4B-00C04F79EFBC}") = "IKEA.DAL", "IKEA.DAL\IKEA.DAL.csproj", "{79D8AFE0-3D66-4E41-94A9-138679818D14}"
EndProject
Project("{FAE04EC0-301F-11D3-BF4B-00C04F79EFBC}") = "IKEA.BLL", "IKEA.BLL\IKEA.BLL.csproj", "{5F9C00A5-7EFD-4575-B1D8-656E46E8C479}"
EndProject
Global
	GlobalSection(SolutionConfigurationPlatforms) = preSolution
		Debug|Any CPU = Debug|Any CPU
		Release|Any CPU = Release|Any CPU
	EndGlobalSection
	GlobalSection(ProjectConfigurationPlatforms) = postSolution
		{7F6608DE-E6AA-4FCC-8F70-B9AC801DF322}.Debug|Any CPU.ActiveCfg = Debug|Any CPU
		{7F6608DE-E6AA-4FCC-8F70-B9AC801DF322}.Debug|Any CPU.Build.0 = Debug|Any CPU
		{7F6608DE-E6AA-4FCC-8F70-B9AC801DF322}.Release|Any CPU.ActiveCfg = Release|Any CPU
		{7F6608DE-E6AA-4FCC-8F70-B9AC801DF322}.Release|Any CPU.Build.0 = Release|Any CPU
		{79D8AFE0-3D66-4E41-94A9-138679818D14}.Debug|Any CPU.ActiveCfg = Debug|Any CPU
		{79D8AFE0-3D66-4E41-94A9-138679818D14}.Debug|Any CPU.Build.0 = Debug|Any CPU
		{79D8AFE0-3D66-4E41-94A9-138679818D14}.Release|Any CPU.ActiveCfg = Release|Any CPU
		{79D8AFE0-3D66-4E41-94A9-138679818D14}.Release|Any CPU.Build.0 = Release|Any CPU
		{5F9C00A5-7EFD-4575-B1D8-656E46E8C479}.Debug|Any CPU.ActiveCfg = Debug|Any CPU
		{5F9C00A5-7EFD-4575-B1D8-656E46E8C479}.Debug|Any CPU.Build.0 = Debug|Any CPU
		{5F9C00A5-7EFD-4575-B1D8-656E46E8C479}.Release|Any CPU.ActiveCfg = Release|Any CPU
		{5F9C00A5-7EFD-4575-B1D8-656E46E8C479}.Release|Any CPU.Build.0 = Release|Any CPU
	EndGlobalSection
	GlobalSection(SolutionProperties) = preSolution
		HideSolutionNode = FALSE
	EndGlobalSection
EndGlobal
